{
  "version": 4,
  "terraform_version": "1.5.2",
  "serial": 32,
  "lineage": "11261100-d89b-3ae2-9d60-6eb5ecc91573",
  "outputs": {
    "external_ip": {
      "value": [
        "51.250.68.45",
        "158.160.51.246",
        "130.193.37.249",
        "51.250.5.57",
        "158.160.52.241"
      ],
      "type": [
        "tuple",
        [
          "string",
          "string",
          "string",
          "string",
          "string"
        ]
      ]
    }
  },
  "resources": [
    {
      "mode": "managed",
      "type": "yandex_compute_instance",
      "name": "instance",
      "provider": "provider[\"registry.terraform.io/yandex-cloud/yandex\"]",
      "instances": [
        {
          "index_key": 0,
          "schema_version": 1,
          "attributes": {
            "allow_recreate": null,
            "allow_stopping_for_update": true,
            "boot_disk": [
              {
                "auto_delete": true,
                "device_name": "fhmjkn8ansm0rtdtl5uo",
                "disk_id": "fhmjkn8ansm0rtdtl5uo",
                "initialize_params": [
                  {
                    "block_size": 4096,
                    "description": "",
                    "image_id": "fd8cqj9qiedndmmi3vq6",
                    "name": "",
                    "size": 30,
                    "snapshot_id": "",
                    "type": "network-hdd"
                  }
                ],
                "mode": "READ_WRITE"
              }
            ],
            "created_at": "2023-07-12T18:54:48Z",
            "description": "k8s cluster",
            "filesystem": [],
            "folder_id": "b1gc1ufn6og4q7hkvht8",
            "fqdn": "k8s-1.ru-central1.internal",
            "gpu_cluster_id": "",
            "hostname": "k8s-1",
            "id": "fhm6jtin5fnolu2vn5er",
            "labels": null,
            "local_disk": [],
            "metadata": {
              "ssh-keys": "clove:ssh-rsa AAAAB3NzaC1yc2EAAAADAQABAAABgQDQXUe7vQNS480AEp0kDFa4boKGuLT+ksWVQTXCWqGsz/RW+lXVVnWngB+L87sA5Jdj4PaXtUyxLXzDjiJ76i2OJWm5HDl//nAb1v2qg6ocscXPa6n5lxdDvHivXmUEPAyd8LAjLikgWi20XzKrkogNYfs0fLdS5LTvC7mLm9Lz0X1IEVXrBFHM1f6yRLreXbjh1ZkewgfKX/LJebfyA7XU2DpTl0zncpA/wEbnb0VS0f0Sl4bMCu51WDNsrodH6hTIIm3izM7/Sid4iXpsHtHErLioZaQbUsgGCwBESf0W/6x4n1qQUj2QMxcMQGm9WK6or2Nug0UXGAh33tyCYk1oYez9Cb6ICF77AVSFuxOqBE8dh8DJmIkyYzst6C4qNQ4DcX9wSwSSIV/rO7T/WhqbZYZE/e3TSHCcQjQzY5xoQrJGBnCqgP3Ns8wesfSh675nQhBiL3UWgFh+QcG1NVfJDUxL2HXPyT1ryJYLa9Xa9CDk19LeU/uWTTE+JVMcpjU= clove@Clovebook.local\n"
            },
            "metadata_options": [
              {
                "aws_v1_http_endpoint": 1,
                "aws_v1_http_token": 2,
                "gce_http_endpoint": 1,
                "gce_http_token": 1
              }
            ],
            "name": "k8s-1",
            "network_acceleration_type": "standard",
            "network_interface": [
              {
                "dns_record": [],
                "index": 0,
                "ip_address": "10.100.0.36",
                "ipv4": true,
                "ipv6": false,
                "ipv6_address": "",
                "ipv6_dns_record": [],
                "mac_address": "d0:0d:69:f6:57:2b",
                "nat": true,
                "nat_dns_record": [],
                "nat_ip_address": "51.250.68.45",
                "nat_ip_version": "IPV4",
                "security_group_ids": [],
                "subnet_id": "e9bq9grtva9oeduchr56"
              }
            ],
            "placement_policy": [
              {
                "host_affinity_rules": [],
                "placement_group_id": ""
              }
            ],
            "platform_id": "standard-v1",
            "resources": [
              {
                "core_fraction": 100,
                "cores": 2,
                "gpus": 0,
                "memory": 2
              }
            ],
            "scheduling_policy": [
              {
                "preemptible": false
              }
            ],
            "secondary_disk": [],
            "service_account_id": "",
            "status": "running",
            "timeouts": null,
            "zone": "ru-central1-a"
          },
          "sensitive_attributes": [],
          "private": "eyJlMmJmYjczMC1lY2FhLTExZTYtOGY4OC0zNDM2M2JjN2M0YzAiOnsiY3JlYXRlIjozMDAwMDAwMDAwMDAsImRlbGV0ZSI6MzAwMDAwMDAwMDAwLCJ1cGRhdGUiOjMwMDAwMDAwMDAwMH0sInNjaGVtYV92ZXJzaW9uIjoiMSJ9",
          "dependencies": [
            "yandex_vpc_network.vpc-network",
            "yandex_vpc_subnet.vpc-subnet"
          ]
        },
        {
          "index_key": 1,
          "schema_version": 1,
          "attributes": {
            "allow_recreate": null,
            "allow_stopping_for_update": true,
            "boot_disk": [
              {
                "auto_delete": true,
                "device_name": "fhm1h3fvr747v5d32bqk",
                "disk_id": "fhm1h3fvr747v5d32bqk",
                "initialize_params": [
                  {
                    "block_size": 4096,
                    "description": "",
                    "image_id": "fd8cqj9qiedndmmi3vq6",
                    "name": "",
                    "size": 30,
                    "snapshot_id": "",
                    "type": "network-hdd"
                  }
                ],
                "mode": "READ_WRITE"
              }
            ],
            "created_at": "2023-07-12T18:54:48Z",
            "description": "k8s cluster",
            "filesystem": [],
            "folder_id": "b1gc1ufn6og4q7hkvht8",
            "fqdn": "k8s-2.ru-central1.internal",
            "gpu_cluster_id": "",
            "hostname": "k8s-2",
            "id": "fhmd160df1pi3lios7a1",
            "labels": null,
            "local_disk": [],
            "metadata": {
              "ssh-keys": "clove:ssh-rsa AAAAB3NzaC1yc2EAAAADAQABAAABgQDQXUe7vQNS480AEp0kDFa4boKGuLT+ksWVQTXCWqGsz/RW+lXVVnWngB+L87sA5Jdj4PaXtUyxLXzDjiJ76i2OJWm5HDl//nAb1v2qg6ocscXPa6n5lxdDvHivXmUEPAyd8LAjLikgWi20XzKrkogNYfs0fLdS5LTvC7mLm9Lz0X1IEVXrBFHM1f6yRLreXbjh1ZkewgfKX/LJebfyA7XU2DpTl0zncpA/wEbnb0VS0f0Sl4bMCu51WDNsrodH6hTIIm3izM7/Sid4iXpsHtHErLioZaQbUsgGCwBESf0W/6x4n1qQUj2QMxcMQGm9WK6or2Nug0UXGAh33tyCYk1oYez9Cb6ICF77AVSFuxOqBE8dh8DJmIkyYzst6C4qNQ4DcX9wSwSSIV/rO7T/WhqbZYZE/e3TSHCcQjQzY5xoQrJGBnCqgP3Ns8wesfSh675nQhBiL3UWgFh+QcG1NVfJDUxL2HXPyT1ryJYLa9Xa9CDk19LeU/uWTTE+JVMcpjU= clove@Clovebook.local\n"
            },
            "metadata_options": [
              {
                "aws_v1_http_endpoint": 1,
                "aws_v1_http_token": 2,
                "gce_http_endpoint": 1,
                "gce_http_token": 1
              }
            ],
            "name": "k8s-2",
            "network_acceleration_type": "standard",
            "network_interface": [
              {
                "dns_record": [],
                "index": 0,
                "ip_address": "10.100.0.14",
                "ipv4": true,
                "ipv6": false,
                "ipv6_address": "",
                "ipv6_dns_record": [],
                "mac_address": "d0:0d:d0:98:0d:78",
                "nat": true,
                "nat_dns_record": [],
                "nat_ip_address": "158.160.51.246",
                "nat_ip_version": "IPV4",
                "security_group_ids": [],
                "subnet_id": "e9bq9grtva9oeduchr56"
              }
            ],
            "placement_policy": [
              {
                "host_affinity_rules": [],
                "placement_group_id": ""
              }
            ],
            "platform_id": "standard-v1",
            "resources": [
              {
                "core_fraction": 100,
                "cores": 2,
                "gpus": 0,
                "memory": 2
              }
            ],
            "scheduling_policy": [
              {
                "preemptible": false
              }
            ],
            "secondary_disk": [],
            "service_account_id": "",
            "status": "running",
            "timeouts": null,
            "zone": "ru-central1-a"
          },
          "sensitive_attributes": [],
          "private": "eyJlMmJmYjczMC1lY2FhLTExZTYtOGY4OC0zNDM2M2JjN2M0YzAiOnsiY3JlYXRlIjozMDAwMDAwMDAwMDAsImRlbGV0ZSI6MzAwMDAwMDAwMDAwLCJ1cGRhdGUiOjMwMDAwMDAwMDAwMH0sInNjaGVtYV92ZXJzaW9uIjoiMSJ9",
          "dependencies": [
            "yandex_vpc_network.vpc-network",
            "yandex_vpc_subnet.vpc-subnet"
          ]
        },
        {
          "index_key": 2,
          "schema_version": 1,
          "attributes": {
            "allow_recreate": null,
            "allow_stopping_for_update": true,
            "boot_disk": [
              {
                "auto_delete": true,
                "device_name": "fhm5hllhch1eb7m5b6v6",
                "disk_id": "fhm5hllhch1eb7m5b6v6",
                "initialize_params": [
                  {
                    "block_size": 4096,
                    "description": "",
                    "image_id": "fd8cqj9qiedndmmi3vq6",
                    "name": "",
                    "size": 30,
                    "snapshot_id": "",
                    "type": "network-hdd"
                  }
                ],
                "mode": "READ_WRITE"
              }
            ],
            "created_at": "2023-07-12T18:54:48Z",
            "description": "k8s cluster",
            "filesystem": [],
            "folder_id": "b1gc1ufn6og4q7hkvht8",
            "fqdn": "k8s-3.ru-central1.internal",
            "gpu_cluster_id": "",
            "hostname": "k8s-3",
            "id": "fhmt1a7gd47caqiat5m6",
            "labels": null,
            "local_disk": [],
            "metadata": {
              "ssh-keys": "clove:ssh-rsa AAAAB3NzaC1yc2EAAAADAQABAAABgQDQXUe7vQNS480AEp0kDFa4boKGuLT+ksWVQTXCWqGsz/RW+lXVVnWngB+L87sA5Jdj4PaXtUyxLXzDjiJ76i2OJWm5HDl//nAb1v2qg6ocscXPa6n5lxdDvHivXmUEPAyd8LAjLikgWi20XzKrkogNYfs0fLdS5LTvC7mLm9Lz0X1IEVXrBFHM1f6yRLreXbjh1ZkewgfKX/LJebfyA7XU2DpTl0zncpA/wEbnb0VS0f0Sl4bMCu51WDNsrodH6hTIIm3izM7/Sid4iXpsHtHErLioZaQbUsgGCwBESf0W/6x4n1qQUj2QMxcMQGm9WK6or2Nug0UXGAh33tyCYk1oYez9Cb6ICF77AVSFuxOqBE8dh8DJmIkyYzst6C4qNQ4DcX9wSwSSIV/rO7T/WhqbZYZE/e3TSHCcQjQzY5xoQrJGBnCqgP3Ns8wesfSh675nQhBiL3UWgFh+QcG1NVfJDUxL2HXPyT1ryJYLa9Xa9CDk19LeU/uWTTE+JVMcpjU= clove@Clovebook.local\n"
            },
            "metadata_options": [
              {
                "aws_v1_http_endpoint": 1,
                "aws_v1_http_token": 2,
                "gce_http_endpoint": 1,
                "gce_http_token": 1
              }
            ],
            "name": "k8s-3",
            "network_acceleration_type": "standard",
            "network_interface": [
              {
                "dns_record": [],
                "index": 0,
                "ip_address": "10.100.0.35",
                "ipv4": true,
                "ipv6": false,
                "ipv6_address": "",
                "ipv6_dns_record": [],
                "mac_address": "d0:0d:1d:0a:8f:06",
                "nat": true,
                "nat_dns_record": [],
                "nat_ip_address": "130.193.37.249",
                "nat_ip_version": "IPV4",
                "security_group_ids": [],
                "subnet_id": "e9bq9grtva9oeduchr56"
              }
            ],
            "placement_policy": [
              {
                "host_affinity_rules": [],
                "placement_group_id": ""
              }
            ],
            "platform_id": "standard-v1",
            "resources": [
              {
                "core_fraction": 100,
                "cores": 2,
                "gpus": 0,
                "memory": 2
              }
            ],
            "scheduling_policy": [
              {
                "preemptible": false
              }
            ],
            "secondary_disk": [],
            "service_account_id": "",
            "status": "running",
            "timeouts": null,
            "zone": "ru-central1-a"
          },
          "sensitive_attributes": [],
          "private": "eyJlMmJmYjczMC1lY2FhLTExZTYtOGY4OC0zNDM2M2JjN2M0YzAiOnsiY3JlYXRlIjozMDAwMDAwMDAwMDAsImRlbGV0ZSI6MzAwMDAwMDAwMDAwLCJ1cGRhdGUiOjMwMDAwMDAwMDAwMH0sInNjaGVtYV92ZXJzaW9uIjoiMSJ9",
          "dependencies": [
            "yandex_vpc_network.vpc-network",
            "yandex_vpc_subnet.vpc-subnet"
          ]
        },
        {
          "index_key": 3,
          "schema_version": 1,
          "attributes": {
            "allow_recreate": null,
            "allow_stopping_for_update": true,
            "boot_disk": [
              {
                "auto_delete": true,
                "device_name": "fhmb1eelq9l07ejbsrta",
                "disk_id": "fhmb1eelq9l07ejbsrta",
                "initialize_params": [
                  {
                    "block_size": 4096,
                    "description": "",
                    "image_id": "fd8cqj9qiedndmmi3vq6",
                    "name": "",
                    "size": 30,
                    "snapshot_id": "",
                    "type": "network-hdd"
                  }
                ],
                "mode": "READ_WRITE"
              }
            ],
            "created_at": "2023-07-12T18:54:48Z",
            "description": "k8s cluster",
            "filesystem": [],
            "folder_id": "b1gc1ufn6og4q7hkvht8",
            "fqdn": "k8s-4.ru-central1.internal",
            "gpu_cluster_id": "",
            "hostname": "k8s-4",
            "id": "fhma5vq6lmrt4d0eh2vn",
            "labels": null,
            "local_disk": [],
            "metadata": {
              "ssh-keys": "clove:ssh-rsa AAAAB3NzaC1yc2EAAAADAQABAAABgQDQXUe7vQNS480AEp0kDFa4boKGuLT+ksWVQTXCWqGsz/RW+lXVVnWngB+L87sA5Jdj4PaXtUyxLXzDjiJ76i2OJWm5HDl//nAb1v2qg6ocscXPa6n5lxdDvHivXmUEPAyd8LAjLikgWi20XzKrkogNYfs0fLdS5LTvC7mLm9Lz0X1IEVXrBFHM1f6yRLreXbjh1ZkewgfKX/LJebfyA7XU2DpTl0zncpA/wEbnb0VS0f0Sl4bMCu51WDNsrodH6hTIIm3izM7/Sid4iXpsHtHErLioZaQbUsgGCwBESf0W/6x4n1qQUj2QMxcMQGm9WK6or2Nug0UXGAh33tyCYk1oYez9Cb6ICF77AVSFuxOqBE8dh8DJmIkyYzst6C4qNQ4DcX9wSwSSIV/rO7T/WhqbZYZE/e3TSHCcQjQzY5xoQrJGBnCqgP3Ns8wesfSh675nQhBiL3UWgFh+QcG1NVfJDUxL2HXPyT1ryJYLa9Xa9CDk19LeU/uWTTE+JVMcpjU= clove@Clovebook.local\n"
            },
            "metadata_options": [
              {
                "aws_v1_http_endpoint": 1,
                "aws_v1_http_token": 2,
                "gce_http_endpoint": 1,
                "gce_http_token": 1
              }
            ],
            "name": "k8s-4",
            "network_acceleration_type": "standard",
            "network_interface": [
              {
                "dns_record": [],
                "index": 0,
                "ip_address": "10.100.0.22",
                "ipv4": true,
                "ipv6": false,
                "ipv6_address": "",
                "ipv6_dns_record": [],
                "mac_address": "d0:0d:a2:ff:46:ad",
                "nat": true,
                "nat_dns_record": [],
                "nat_ip_address": "51.250.5.57",
                "nat_ip_version": "IPV4",
                "security_group_ids": [],
                "subnet_id": "e9bq9grtva9oeduchr56"
              }
            ],
            "placement_policy": [
              {
                "host_affinity_rules": [],
                "placement_group_id": ""
              }
            ],
            "platform_id": "standard-v1",
            "resources": [
              {
                "core_fraction": 100,
                "cores": 2,
                "gpus": 0,
                "memory": 2
              }
            ],
            "scheduling_policy": [
              {
                "preemptible": false
              }
            ],
            "secondary_disk": [],
            "service_account_id": "",
            "status": "running",
            "timeouts": null,
            "zone": "ru-central1-a"
          },
          "sensitive_attributes": [],
          "private": "eyJlMmJmYjczMC1lY2FhLTExZTYtOGY4OC0zNDM2M2JjN2M0YzAiOnsiY3JlYXRlIjozMDAwMDAwMDAwMDAsImRlbGV0ZSI6MzAwMDAwMDAwMDAwLCJ1cGRhdGUiOjMwMDAwMDAwMDAwMH0sInNjaGVtYV92ZXJzaW9uIjoiMSJ9",
          "dependencies": [
            "yandex_vpc_network.vpc-network",
            "yandex_vpc_subnet.vpc-subnet"
          ]
        },
        {
          "index_key": 4,
          "schema_version": 1,
          "attributes": {
            "allow_recreate": null,
            "allow_stopping_for_update": true,
            "boot_disk": [
              {
                "auto_delete": true,
                "device_name": "fhmkk53vvm30elbs3jj5",
                "disk_id": "fhmkk53vvm30elbs3jj5",
                "initialize_params": [
                  {
                    "block_size": 4096,
                    "description": "",
                    "image_id": "fd8cqj9qiedndmmi3vq6",
                    "name": "",
                    "size": 30,
                    "snapshot_id": "",
                    "type": "network-hdd"
                  }
                ],
                "mode": "READ_WRITE"
              }
            ],
            "created_at": "2023-07-12T18:54:48Z",
            "description": "k8s cluster",
            "filesystem": [],
            "folder_id": "b1gc1ufn6og4q7hkvht8",
            "fqdn": "k8s-5.ru-central1.internal",
            "gpu_cluster_id": "",
            "hostname": "k8s-5",
            "id": "fhmoa4btjm1v1smvpdga",
            "labels": null,
            "local_disk": [],
            "metadata": {
              "ssh-keys": "clove:ssh-rsa AAAAB3NzaC1yc2EAAAADAQABAAABgQDQXUe7vQNS480AEp0kDFa4boKGuLT+ksWVQTXCWqGsz/RW+lXVVnWngB+L87sA5Jdj4PaXtUyxLXzDjiJ76i2OJWm5HDl//nAb1v2qg6ocscXPa6n5lxdDvHivXmUEPAyd8LAjLikgWi20XzKrkogNYfs0fLdS5LTvC7mLm9Lz0X1IEVXrBFHM1f6yRLreXbjh1ZkewgfKX/LJebfyA7XU2DpTl0zncpA/wEbnb0VS0f0Sl4bMCu51WDNsrodH6hTIIm3izM7/Sid4iXpsHtHErLioZaQbUsgGCwBESf0W/6x4n1qQUj2QMxcMQGm9WK6or2Nug0UXGAh33tyCYk1oYez9Cb6ICF77AVSFuxOqBE8dh8DJmIkyYzst6C4qNQ4DcX9wSwSSIV/rO7T/WhqbZYZE/e3TSHCcQjQzY5xoQrJGBnCqgP3Ns8wesfSh675nQhBiL3UWgFh+QcG1NVfJDUxL2HXPyT1ryJYLa9Xa9CDk19LeU/uWTTE+JVMcpjU= clove@Clovebook.local\n"
            },
            "metadata_options": [
              {
                "aws_v1_http_endpoint": 1,
                "aws_v1_http_token": 2,
                "gce_http_endpoint": 1,
                "gce_http_token": 1
              }
            ],
            "name": "k8s-5",
            "network_acceleration_type": "standard",
            "network_interface": [
              {
                "dns_record": [],
                "index": 0,
                "ip_address": "10.100.0.3",
                "ipv4": true,
                "ipv6": false,
                "ipv6_address": "",
                "ipv6_dns_record": [],
                "mac_address": "d0:0d:18:51:17:d9",
                "nat": true,
                "nat_dns_record": [],
                "nat_ip_address": "158.160.52.241",
                "nat_ip_version": "IPV4",
                "security_group_ids": [],
                "subnet_id": "e9bq9grtva9oeduchr56"
              }
            ],
            "placement_policy": [
              {
                "host_affinity_rules": [],
                "placement_group_id": ""
              }
            ],
            "platform_id": "standard-v1",
            "resources": [
              {
                "core_fraction": 100,
                "cores": 2,
                "gpus": 0,
                "memory": 2
              }
            ],
            "scheduling_policy": [
              {
                "preemptible": false
              }
            ],
            "secondary_disk": [],
            "service_account_id": "",
            "status": "running",
            "timeouts": null,
            "zone": "ru-central1-a"
          },
          "sensitive_attributes": [],
          "private": "eyJlMmJmYjczMC1lY2FhLTExZTYtOGY4OC0zNDM2M2JjN2M0YzAiOnsiY3JlYXRlIjozMDAwMDAwMDAwMDAsImRlbGV0ZSI6MzAwMDAwMDAwMDAwLCJ1cGRhdGUiOjMwMDAwMDAwMDAwMH0sInNjaGVtYV92ZXJzaW9uIjoiMSJ9",
          "dependencies": [
            "yandex_vpc_network.vpc-network",
            "yandex_vpc_subnet.vpc-subnet"
          ]
        }
      ]
    },
    {
      "mode": "managed",
      "type": "yandex_vpc_network",
      "name": "vpc-network",
      "provider": "provider[\"registry.terraform.io/yandex-cloud/yandex\"]",
      "instances": [
        {
          "schema_version": 0,
          "attributes": {
            "created_at": "2023-07-12T18:54:44Z",
            "default_security_group_id": "",
            "description": "k8s network",
            "folder_id": "b1gc1ufn6og4q7hkvht8",
            "id": "enpnkuibhjcmrf5ppmm4",
            "labels": {},
            "name": "k8s-network",
            "subnet_ids": [],
            "timeouts": null
          },
          "sensitive_attributes": [],
          "private": "eyJlMmJmYjczMC1lY2FhLTExZTYtOGY4OC0zNDM2M2JjN2M0YzAiOnsiY3JlYXRlIjo2MDAwMDAwMDAwMCwiZGVsZXRlIjo2MDAwMDAwMDAwMCwidXBkYXRlIjo2MDAwMDAwMDAwMH19"
        }
      ]
    },
    {
      "mode": "managed",
      "type": "yandex_vpc_subnet",
      "name": "vpc-subnet",
      "provider": "provider[\"registry.terraform.io/yandex-cloud/yandex\"]",
      "instances": [
        {
          "schema_version": 0,
          "attributes": {
            "created_at": "2023-07-12T18:54:46Z",
            "description": "k8s subnet 0",
            "dhcp_options": [],
            "folder_id": "b1gc1ufn6og4q7hkvht8",
            "id": "e9bq9grtva9oeduchr56",
            "labels": {},
            "name": "k8s-subnet-0",
            "network_id": "enpnkuibhjcmrf5ppmm4",
            "route_table_id": "",
            "timeouts": null,
            "v4_cidr_blocks": [
              "10.100.0.0/24"
            ],
            "v6_cidr_blocks": [],
            "zone": "ru-central1-a"
          },
          "sensitive_attributes": [],
          "private": "eyJlMmJmYjczMC1lY2FhLTExZTYtOGY4OC0zNDM2M2JjN2M0YzAiOnsiY3JlYXRlIjoxODAwMDAwMDAwMDAsImRlbGV0ZSI6MTgwMDAwMDAwMDAwLCJ1cGRhdGUiOjE4MDAwMDAwMDAwMH19",
          "dependencies": [
            "yandex_vpc_network.vpc-network"
          ]
        }
      ]
    }
  ],
  "check_results": null
}
